
Microsoft Visual Studio Solution File, Format Version 12.00
# Visual Studio Version 16
VisualStudioVersion = 16.0.35229.62
MinimumVisualStudioVersion = 10.0.40219.1
Project("{FAE04EC0-301F-11D3-BF4B-00C04F79EFBC}") = "CursoCSharp", "CursoCSharp\CursoCSharp.csproj", "{F4C953BF-CD43-4B70-939B-ABC0C811FE98}"
EndProject
Global
	GlobalSection(SolutionConfigurationPlatforms) = preSolution
		Debug|Any CPU = Debug|Any CPU
		Release|Any CPU = Release|Any CPU
	EndGlobalSection
	GlobalSection(ProjectConfigurationPlatforms) = postSolution
		{F4C953BF-CD43-4B70-939B-ABC0C811FE98}.Debug|Any CPU.ActiveCfg = Debug|Any CPU
		{F4C953BF-CD43-4B70-939B-ABC0C811FE98}.Debug|Any CPU.Build.0 = Debug|Any CPU
		{F4C953BF-CD43-4B70-939B-ABC0C811FE98}.Release|Any CPU.ActiveCfg = Release|Any CPU
		{F4C953BF-CD43-4B70-939B-ABC0C811FE98}.Release|Any CPU.Build.0 = Release|Any CPU
	EndGlobalSection
	GlobalSection(SolutionProperties) = preSolution
		HideSolutionNode = FALSE
	EndGlobalSection
	GlobalSection(ExtensibilityGlobals) = postSolution
		SolutionGuid = {7F6A7D7C-A5D6-4DFC-90D7-509FD1D10003}
	EndGlobalSection
EndGlobal
